
Microsoft Visual Studio Solution File, Format Version 11.00
# Visual Studio 2010
Project("{FAE04EC0-301F-11D3-BF4B-00C04F79EFBC}") = "MVCDemo", "MVCDemo\MVCDemo.csproj", "{393AA7A3-EBC4-4969-9E5A-EFAC669D79CD}"
EndProject
Project("{FAE04EC0-301F-11D3-BF4B-00C04F79EFBC}") = "System.Web.Mvc", "..\SystemWebMvc\System.Web.Mvc.csproj", "{3D3FFD8A-624D-4E9B-954B-E1C105507975}"
EndProject
Project("{FAE04EC0-301F-11D3-BF4B-00C04F79EFBC}") = "Domain", "Domain\Domain.csproj", "{E57CCF47-7DBA-4ACA-A37E-BE3933C2C083}"
EndProject
Global
	GlobalSection(SolutionConfigurationPlatforms) = preSolution
		CodeCoverage|Any CPU = CodeCoverage|Any CPU
		Debug|Any CPU = Debug|Any CPU
		FxCop|Any CPU = FxCop|Any CPU
		Release|Any CPU = Release|Any CPU
	EndGlobalSection
	GlobalSection(ProjectConfigurationPlatforms) = postSolution
		{393AA7A3-EBC4-4969-9E5A-EFAC669D79CD}.CodeCoverage|Any CPU.ActiveCfg = Release|Any CPU
		{393AA7A3-EBC4-4969-9E5A-EFAC669D79CD}.CodeCoverage|Any CPU.Build.0 = Release|Any CPU
		{393AA7A3-EBC4-4969-9E5A-EFAC669D79CD}.Debug|Any CPU.ActiveCfg = Debug|Any CPU
		{393AA7A3-EBC4-4969-9E5A-EFAC669D79CD}.Debug|Any CPU.Build.0 = Debug|Any CPU
		{393AA7A3-EBC4-4969-9E5A-EFAC669D79CD}.FxCop|Any CPU.ActiveCfg = Release|Any CPU
		{393AA7A3-EBC4-4969-9E5A-EFAC669D79CD}.FxCop|Any CPU.Build.0 = Release|Any CPU
		{393AA7A3-EBC4-4969-9E5A-EFAC669D79CD}.Release|Any CPU.ActiveCfg = Release|Any CPU
		{393AA7A3-EBC4-4969-9E5A-EFAC669D79CD}.Release|Any CPU.Build.0 = Release|Any CPU
		{3D3FFD8A-624D-4E9B-954B-E1C105507975}.CodeCoverage|Any CPU.ActiveCfg = CodeCoverage|Any CPU
		{3D3FFD8A-624D-4E9B-954B-E1C105507975}.CodeCoverage|Any CPU.Build.0 = CodeCoverage|Any CPU
		{3D3FFD8A-624D-4E9B-954B-E1C105507975}.Debug|Any CPU.ActiveCfg = Debug|Any CPU
		{3D3FFD8A-624D-4E9B-954B-E1C105507975}.Debug|Any CPU.Build.0 = Debug|Any CPU
		{3D3FFD8A-624D-4E9B-954B-E1C105507975}.FxCop|Any CPU.ActiveCfg = FxCop|Any CPU
		{3D3FFD8A-624D-4E9B-954B-E1C105507975}.FxCop|Any CPU.Build.0 = FxCop|Any CPU
		{3D3FFD8A-624D-4E9B-954B-E1C105507975}.Release|Any CPU.ActiveCfg = Release|Any CPU
		{3D3FFD8A-624D-4E9B-954B-E1C105507975}.Release|Any CPU.Build.0 = Release|Any CPU
		{E57CCF47-7DBA-4ACA-A37E-BE3933C2C083}.CodeCoverage|Any CPU.ActiveCfg = Release|Any CPU
		{E57CCF47-7DBA-4ACA-A37E-BE3933C2C083}.CodeCoverage|Any CPU.Build.0 = Release|Any CPU
		{E57CCF47-7DBA-4ACA-A37E-BE3933C2C083}.Debug|Any CPU.ActiveCfg = Debug|Any CPU
		{E57CCF47-7DBA-4ACA-A37E-BE3933C2C083}.Debug|Any CPU.Build.0 = Debug|Any CPU
		{E57CCF47-7DBA-4ACA-A37E-BE3933C2C083}.FxCop|Any CPU.ActiveCfg = Release|Any CPU
		{E57CCF47-7DBA-4ACA-A37E-BE3933C2C083}.FxCop|Any CPU.Build.0 = Release|Any CPU
		{E57CCF47-7DBA-4ACA-A37E-BE3933C2C083}.Release|Any CPU.ActiveCfg = Release|Any CPU
		{E57CCF47-7DBA-4ACA-A37E-BE3933C2C083}.Release|Any CPU.Build.0 = Release|Any CPU
	EndGlobalSection
	GlobalSection(SolutionProperties) = preSolution
		HideSolutionNode = FALSE
	EndGlobalSection
EndGlobal
